
Microsoft Visual Studio Solution File, Format Version 12.00
# Visual Studio Version 17
VisualStudioVersion = 17.0.31903.59
MinimumVisualStudioVersion = 10.0.40219.1
Project("{2150E333-8FDC-42A3-9474-1A3956D46DE8}") = "src", "src", "{827E0CD3-B72D-47B6-A68D-7590B98EB39B}"
EndProject
Project("{FAE04EC0-301F-11D3-BF4B-00C04F79EFBC}") = "Domain", "src\Domain\Domain.csproj", "{AC144D82-8CD7-41F4-B53D-B18561946330}"
EndProject
Project("{FAE04EC0-301F-11D3-BF4B-00C04F79EFBC}") = "Application", "src\Application\Application.csproj", "{B143C283-71D3-41B3-8E06-9F2F34FA0F99}"
EndProject
Project("{FAE04EC0-301F-11D3-BF4B-00C04F79EFBC}") = "Infrastructure", "src\Infrastructure\Infrastructure.csproj", "{52ED0BF0-80B1-4B6F-9E96-E9AE763BF7A2}"
EndProject
Project("{FAE04EC0-301F-11D3-BF4B-00C04F79EFBC}") = "WebApi", "src\WebApi\WebApi.csproj", "{0B2B5A33-986A-4D46-8EDF-711F8F3A8ADD}"
EndProject
Project("{2150E333-8FDC-42A3-9474-1A3956D46DE8}") = "tests", "tests", "{0AB3BF05-4346-4AA6-1389-037BE0695223}"
EndProject
Project("{FAE04EC0-301F-11D3-BF4B-00C04F79EFBC}") = "WebApi.IntegrationTests", "tests\WebApi.IntegrationTests\WebApi.IntegrationTests.csproj", "{B0B17ADC-4870-4919-A786-AFC95577096D}"
EndProject
Project("{FAE04EC0-301F-11D3-BF4B-00C04F79EFBC}") = "Application.UnitTests", "tests\Application.UnitTests\Application.UnitTests.csproj", "{F9EFBFF1-C254-449F-8DAE-157B8FBA7B3B}"
EndProject
Global
	GlobalSection(SolutionConfigurationPlatforms) = preSolution
		Debug|Any CPU = Debug|Any CPU
		Debug|x64 = Debug|x64
		Debug|x86 = Debug|x86
		Release|Any CPU = Release|Any CPU
		Release|x64 = Release|x64
		Release|x86 = Release|x86
	EndGlobalSection
	GlobalSection(ProjectConfigurationPlatforms) = postSolution
		{AC144D82-8CD7-41F4-B53D-B18561946330}.Debug|Any CPU.ActiveCfg = Debug|Any CPU
		{AC144D82-8CD7-41F4-B53D-B18561946330}.Debug|Any CPU.Build.0 = Debug|Any CPU
		{AC144D82-8CD7-41F4-B53D-B18561946330}.Debug|x64.ActiveCfg = Debug|Any CPU
		{AC144D82-8CD7-41F4-B53D-B18561946330}.Debug|x64.Build.0 = Debug|Any CPU
		{AC144D82-8CD7-41F4-B53D-B18561946330}.Debug|x86.ActiveCfg = Debug|Any CPU
		{AC144D82-8CD7-41F4-B53D-B18561946330}.Debug|x86.Build.0 = Debug|Any CPU
		{AC144D82-8CD7-41F4-B53D-B18561946330}.Release|Any CPU.ActiveCfg = Release|Any CPU
		{AC144D82-8CD7-41F4-B53D-B18561946330}.Release|Any CPU.Build.0 = Release|Any CPU
		{AC144D82-8CD7-41F4-B53D-B18561946330}.Release|x64.ActiveCfg = Release|Any CPU
		{AC144D82-8CD7-41F4-B53D-B18561946330}.Release|x64.Build.0 = Release|Any CPU
		{AC144D82-8CD7-41F4-B53D-B18561946330}.Release|x86.ActiveCfg = Release|Any CPU
		{AC144D82-8CD7-41F4-B53D-B18561946330}.Release|x86.Build.0 = Release|Any CPU
		{B143C283-71D3-41B3-8E06-9F2F34FA0F99}.Debug|Any CPU.ActiveCfg = Debug|Any CPU
		{B143C283-71D3-41B3-8E06-9F2F34FA0F99}.Debug|Any CPU.Build.0 = Debug|Any CPU
		{B143C283-71D3-41B3-8E06-9F2F34FA0F99}.Debug|x64.ActiveCfg = Debug|Any CPU
		{B143C283-71D3-41B3-8E06-9F2F34FA0F99}.Debug|x64.Build.0 = Debug|Any CPU
		{B143C283-71D3-41B3-8E06-9F2F34FA0F99}.Debug|x86.ActiveCfg = Debug|Any CPU
		{B143C283-71D3-41B3-8E06-9F2F34FA0F99}.Debug|x86.Build.0 = Debug|Any CPU
		{B143C283-71D3-41B3-8E06-9F2F34FA0F99}.Release|Any CPU.ActiveCfg = Release|Any CPU
		{B143C283-71D3-41B3-8E06-9F2F34FA0F99}.Release|Any CPU.Build.0 = Release|Any CPU
		{B143C283-71D3-41B3-8E06-9F2F34FA0F99}.Release|x64.ActiveCfg = Release|Any CPU
		{B143C283-71D3-41B3-8E06-9F2F34FA0F99}.Release|x64.Build.0 = Release|Any CPU
		{B143C283-71D3-41B3-8E06-9F2F34FA0F99}.Release|x86.ActiveCfg = Release|Any CPU
		{B143C283-71D3-41B3-8E06-9F2F34FA0F99}.Release|x86.Build.0 = Release|Any CPU
		{52ED0BF0-80B1-4B6F-9E96-E9AE763BF7A2}.Debug|Any CPU.ActiveCfg = Debug|Any CPU
		{52ED0BF0-80B1-4B6F-9E96-E9AE763BF7A2}.Debug|Any CPU.Build.0 = Debug|Any CPU
		{52ED0BF0-80B1-4B6F-9E96-E9AE763BF7A2}.Debug|x64.ActiveCfg = Debug|Any CPU
		{52ED0BF0-80B1-4B6F-9E96-E9AE763BF7A2}.Debug|x64.Build.0 = Debug|Any CPU
		{52ED0BF0-80B1-4B6F-9E96-E9AE763BF7A2}.Debug|x86.ActiveCfg = Debug|Any CPU
		{52ED0BF0-80B1-4B6F-9E96-E9AE763BF7A2}.Debug|x86.Build.0 = Debug|Any CPU
		{52ED0BF0-80B1-4B6F-9E96-E9AE763BF7A2}.Release|Any CPU.ActiveCfg = Release|Any CPU
		{52ED0BF0-80B1-4B6F-9E96-E9AE763BF7A2}.Release|Any CPU.Build.0 = Release|Any CPU
		{52ED0BF0-80B1-4B6F-9E96-E9AE763BF7A2}.Release|x64.ActiveCfg = Release|Any CPU
		{52ED0BF0-80B1-4B6F-9E96-E9AE763BF7A2}.Release|x64.Build.0 = Release|Any CPU
		{52ED0BF0-80B1-4B6F-9E96-E9AE763BF7A2}.Release|x86.ActiveCfg = Release|Any CPU
		{52ED0BF0-80B1-4B6F-9E96-E9AE763BF7A2}.Release|x86.Build.0 = Release|Any CPU
		{0B2B5A33-986A-4D46-8EDF-711F8F3A8ADD}.Debug|Any CPU.ActiveCfg = Debug|Any CPU
		{0B2B5A33-986A-4D46-8EDF-711F8F3A8ADD}.Debug|Any CPU.Build.0 = Debug|Any CPU
		{0B2B5A33-986A-4D46-8EDF-711F8F3A8ADD}.Debug|x64.ActiveCfg = Debug|Any CPU
		{0B2B5A33-986A-4D46-8EDF-711F8F3A8ADD}.Debug|x64.Build.0 = Debug|Any CPU
		{0B2B5A33-986A-4D46-8EDF-711F8F3A8ADD}.Debug|x86.ActiveCfg = Debug|Any CPU
		{0B2B5A33-986A-4D46-8EDF-711F8F3A8ADD}.Debug|x86.Build.0 = Debug|Any CPU
		{0B2B5A33-986A-4D46-8EDF-711F8F3A8ADD}.Release|Any CPU.ActiveCfg = Release|Any CPU
		{0B2B5A33-986A-4D46-8EDF-711F8F3A8ADD}.Release|Any CPU.Build.0 = Release|Any CPU
		{0B2B5A33-986A-4D46-8EDF-711F8F3A8ADD}.Release|x64.ActiveCfg = Release|Any CPU
		{0B2B5A33-986A-4D46-8EDF-711F8F3A8ADD}.Release|x64.Build.0 = Release|Any CPU
		{0B2B5A33-986A-4D46-8EDF-711F8F3A8ADD}.Release|x86.ActiveCfg = Release|Any CPU
		{0B2B5A33-986A-4D46-8EDF-711F8F3A8ADD}.Release|x86.Build.0 = Release|Any CPU
		{B0B17ADC-4870-4919-A786-AFC95577096D}.Debug|Any CPU.ActiveCfg = Debug|Any CPU
		{B0B17ADC-4870-4919-A786-AFC95577096D}.Debug|Any CPU.Build.0 = Debug|Any CPU
		{B0B17ADC-4870-4919-A786-AFC95577096D}.Debug|x64.ActiveCfg = Debug|Any CPU
		{B0B17ADC-4870-4919-A786-AFC95577096D}.Debug|x64.Build.0 = Debug|Any CPU
		{B0B17ADC-4870-4919-A786-AFC95577096D}.Debug|x86.ActiveCfg = Debug|Any CPU
		{B0B17ADC-4870-4919-A786-AFC95577096D}.Debug|x86.Build.0 = Debug|Any CPU
		{B0B17ADC-4870-4919-A786-AFC95577096D}.Release|Any CPU.ActiveCfg = Release|Any CPU
		{B0B17ADC-4870-4919-A786-AFC95577096D}.Release|Any CPU.Build.0 = Release|Any CPU
		{B0B17ADC-4870-4919-A786-AFC95577096D}.Release|x64.ActiveCfg = Release|Any CPU
		{B0B17ADC-4870-4919-A786-AFC95577096D}.Release|x64.Build.0 = Release|Any CPU
		{B0B17ADC-4870-4919-A786-AFC95577096D}.Release|x86.ActiveCfg = Release|Any CPU
		{B0B17ADC-4870-4919-A786-AFC95577096D}.Release|x86.Build.0 = Release|Any CPU
		{F9EFBFF1-C254-449F-8DAE-157B8FBA7B3B}.Debug|Any CPU.ActiveCfg = Debug|Any CPU
		{F9EFBFF1-C254-449F-8DAE-157B8FBA7B3B}.Debug|Any CPU.Build.0 = Debug|Any CPU
		{F9EFBFF1-C254-449F-8DAE-157B8FBA7B3B}.Debug|x64.ActiveCfg = Debug|Any CPU
		{F9EFBFF1-C254-449F-8DAE-157B8FBA7B3B}.Debug|x64.Build.0 = Debug|Any CPU
		{F9EFBFF1-C254-449F-8DAE-157B8FBA7B3B}.Debug|x86.ActiveCfg = Debug|Any CPU
		{F9EFBFF1-C254-449F-8DAE-157B8FBA7B3B}.Debug|x86.Build.0 = Debug|Any CPU
		{F9EFBFF1-C254-449F-8DAE-157B8FBA7B3B}.Release|Any CPU.ActiveCfg = Release|Any CPU
		{F9EFBFF1-C254-449F-8DAE-157B8FBA7B3B}.Release|Any CPU.Build.0 = Release|Any CPU
		{F9EFBFF1-C254-449F-8DAE-157B8FBA7B3B}.Release|x64.ActiveCfg = Release|Any CPU
		{F9EFBFF1-C254-449F-8DAE-157B8FBA7B3B}.Release|x64.Build.0 = Release|Any CPU
		{F9EFBFF1-C254-449F-8DAE-157B8FBA7B3B}.Release|x86.ActiveCfg = Release|Any CPU
		{F9EFBFF1-C254-449F-8DAE-157B8FBA7B3B}.Release|x86.Build.0 = Release|Any CPU
	EndGlobalSection
	GlobalSection(SolutionProperties) = preSolution
		HideSolutionNode = FALSE
	EndGlobalSection
	GlobalSection(NestedProjects) = preSolution
		{AC144D82-8CD7-41F4-B53D-B18561946330} = {827E0CD3-B72D-47B6-A68D-7590B98EB39B}
		{B143C283-71D3-41B3-8E06-9F2F34FA0F99} = {827E0CD3-B72D-47B6-A68D-7590B98EB39B}
		{52ED0BF0-80B1-4B6F-9E96-E9AE763BF7A2} = {827E0CD3-B72D-47B6-A68D-7590B98EB39B}
		{0B2B5A33-986A-4D46-8EDF-711F8F3A8ADD} = {827E0CD3-B72D-47B6-A68D-7590B98EB39B}
		{B0B17ADC-4870-4919-A786-AFC95577096D} = {0AB3BF05-4346-4AA6-1389-037BE0695223}
		{F9EFBFF1-C254-449F-8DAE-157B8FBA7B3B} = {0AB3BF05-4346-4AA6-1389-037BE0695223}
	EndGlobalSection
EndGlobal
